# This file is generated by running "yarn install" inside your project.
# Manual changes might be lost - proceed with caution!

__metadata:
  version: 7
  cacheKey: 9

"asynckit@npm:^0.4.0":
  version: 0.4.0
  resolution: "asynckit@npm:0.4.0"
  checksum: e4d1381289f9effe69a4dbc18e8b4e2059113dfb23634d0f4064226042870dbc53175fbf261f982d055fa2952163a8b7608781ea58314a17bb6a2cd6815af4f1
  languageName: node
  linkType: hard

"axios@npm:^0.27.2":
  version: 0.27.2
  resolution: "axios@npm:0.27.2"
  dependencies:
    follow-redirects: "npm:^1.14.9"
    form-data: "npm:^4.0.0"
  checksum: 4cd898afe90caaf05307fc5a0da4c61012493b6bfd4937fff9774455c01d368db583b17c4737e73853f149b32e615487930b491661682a1f69a1973b1f533bb7
  languageName: node
  linkType: hard

"boolbase@npm:^1.0.0":
  version: 1.0.0
  resolution: "boolbase@npm:1.0.0"
  checksum: 87bbb5043cc4e0525f77e0103b833a3806875e7f402f70afbfefc1b08862ccea9c373b015706ca9f442b81a55acfaa5795dc0748d5548d00df81b01dc4555b69
  languageName: node
  linkType: hard

"combined-stream@npm:^1.0.8":
  version: 1.0.8
  resolution: "combined-stream@npm:1.0.8"
  dependencies:
    delayed-stream: "npm:~1.0.0"
  checksum: c3224efc798a4f2066ff2f65c28d60b48ec73b38bf76331ecc61814875cc5c8a93beccc268ca08aaa98a141c262de5787d68685b6682b8b67ad2dadb8bd2ddd2
  languageName: node
  linkType: hard

"css-select@npm:^4.2.1":
  version: 4.3.0
  resolution: "css-select@npm:4.3.0"
  dependencies:
    boolbase: "npm:^1.0.0"
    css-what: "npm:^6.0.1"
    domhandler: "npm:^4.3.1"
    domutils: "npm:^2.8.0"
    nth-check: "npm:^2.0.1"
  checksum: 6d1ba269fa77ef2bf831e20d9acc020c8f6eb8ffabd30123a8c03b47f813ed69ea8371239ddea88163f207e0e085eaf44fcbdb6a2763a226c10e76934ffa7ffc
  languageName: node
  linkType: hard

"css-what@npm:^6.0.1":
  version: 6.1.0
  resolution: "css-what@npm:6.1.0"
  checksum: 60dfd497e518f5d7ff78a5091ad21c610e2c58c3463ad3191ef7e22a51d01fc0c3401d8bac55f511f119d14c3dcf606f1e37f1590274003722055dee849e2302
  languageName: node
  linkType: hard

"delayed-stream@npm:~1.0.0":
  version: 1.0.0
  resolution: "delayed-stream@npm:1.0.0"
  checksum: 22f11ed342773dbc427e84d5a972e5c67fc34a44bf80eead5a41d8697c9303ae32991e568921cbd82553deeb1b33f3d6ecc148bf0efe3789589c8cb7b0e1a53a
  languageName: node
  linkType: hard

"dom-serializer@npm:^1.0.1":
  version: 1.4.1
  resolution: "dom-serializer@npm:1.4.1"
  dependencies:
    domelementtype: "npm:^2.0.1"
    domhandler: "npm:^4.2.0"
    entities: "npm:^2.0.0"
  checksum: 94f1d57ee01a9bb1f8f82b83484de837daa89fd99e66356f9e92c9e936c7acdc7902386320edf4d3340cd3fa116d0e9553b0cca6a94df6562aa0f4661b63c322
  languageName: node
  linkType: hard

"domelementtype@npm:^2.0.1, domelementtype@npm:^2.2.0":
  version: 2.3.0
  resolution: "domelementtype@npm:2.3.0"
  checksum: 07afcb90734e39b324e19271effc13389bb27a3957fa68a99b19d0ffdc0338fe669e9170a876f0fc4948bedd28b1f937042ada4948bee54e01a833c37a54dd74
  languageName: node
  linkType: hard

"domhandler@npm:^4.2.0, domhandler@npm:^4.3.1":
  version: 4.3.1
  resolution: "domhandler@npm:4.3.1"
  dependencies:
    domelementtype: "npm:^2.2.0"
  checksum: bc5b81fc04a2ebdc9ff971cec46382c00c2dfe488635f0e00b56ee18e78d3da5c0a4388cad802dbb93219e5d39efdba42107214dbea7d9db8325b8c2793cbb5a
  languageName: node
  linkType: hard

"domutils@npm:^2.8.0":
  version: 2.8.0
  resolution: "domutils@npm:2.8.0"
  dependencies:
    dom-serializer: "npm:^1.0.1"
    domelementtype: "npm:^2.2.0"
    domhandler: "npm:^4.2.0"
  checksum: 7d3ccd2fa5046b263d6080ae7584f41c2b1e1a9b60b0ed333d6f5a0ba35ccd182fabfe380185bca020e29d9c2cffabde75dec654eda260aaebf63ac1df82ed5c
  languageName: node
  linkType: hard

"entities@npm:^2.0.0":
  version: 2.2.0
  resolution: "entities@npm:2.2.0"
  checksum: eec79bcb8fe0e6e8c5fcd83fe87115535a4a616220db35ddec38aac360f0f19669da3150a87f2bd9fba9829cea0857c806ea216177adc3d099b143db9e89d46f
  languageName: node
  linkType: hard

"follow-redirects@npm:^1.14.9":
  version: 1.15.1
  resolution: "follow-redirects@npm:1.15.1"
  peerDependenciesMeta:
    debug:
      optional: true
  checksum: 1f3e06bfb5c5351456e4fdb9197aa09158452d6400a06240a80204708b7a68f1bb47d6e94127112844136f66ad3283f9c92fa3c5c76aa96db8bd44214ea922b8
  languageName: node
  linkType: hard

"form-data@npm:^4.0.0":
  version: 4.0.0
  resolution: "form-data@npm:4.0.0"
  dependencies:
    asynckit: "npm:^0.4.0"
    combined-stream: "npm:^1.0.8"
    mime-types: "npm:^2.1.12"
  checksum: de37c5684d843842d2cc2bc44a975d9fecdf1df30d061c90b62fc0caeeeeb45794bceaba7aa52ee5eae8ede01ba44215b26c58f41cf64271c513787b7241fce4
  languageName: node
  linkType: hard

"free-http-proxy@workspace:.":
  version: 0.0.0-use.local
  resolution: "free-http-proxy@workspace:."
  dependencies:
    axios: "npm:^0.27.2"
    node-html-parser: "npm:^5.3.3"
  languageName: unknown
  linkType: soft

"he@npm:1.2.0":
  version: 1.2.0
  resolution: "he@npm:1.2.0"
  bin:
    he: bin/he
  checksum: 624468c0a4a0086a722b756a53eddf35a141a16ab41ab965028d0280010753cd2e12a1181e2e638ffd4c9d5131949e198fd8e509b61645b02e8e36a7bdeadc97
  languageName: node
  linkType: hard

"mime-db@npm:1.52.0":
  version: 1.52.0
  resolution: "mime-db@npm:1.52.0"
  checksum: 95baf687a3f14ff2cc433e30dea5c4931c7f4b67059d44a0098cfb833858cad63ec13c20f98762bddd088c4e9dac6d95862db1ea9d3fe3fa68f57b69a325000d
  languageName: node
  linkType: hard

"mime-types@npm:^2.1.12":
  version: 2.1.35
  resolution: "mime-types@npm:2.1.35"
  dependencies:
    mime-db: "npm:1.52.0"
  checksum: 51e3b38d1b1b83da082f7c29042bcb22036101346394696b7643ef5da27ebf6bf71643bd45225ee75e4ea2836213780efc8c3dcd2055c84b49eb0afc061419d0
  languageName: node
  linkType: hard

"node-html-parser@npm:^5.3.3":
  version: 5.3.3
  resolution: "node-html-parser@npm:5.3.3"
  dependencies:
    css-select: "npm:^4.2.1"
    he: "npm:1.2.0"
  checksum: eaf4d1a83c242c6c4c10beaa0dafdb6cb67960b6146f78ef8ce125b6d9c838ac911bfb3a7c232142d168af10504f116eb64d432ffc10958e5195606e157e6e7f
  languageName: node
  linkType: hard

"nth-check@npm:^2.0.1":
  version: 2.1.1
  resolution: "nth-check@npm:2.1.1"
  dependencies:
    boolbase: "npm:^1.0.0"
  checksum: 47e3a752fb9e7619e0567ce3bf5a38b766689d94be7cfa10099688d1f521cfb9698a6f7ef032d608a24bbbd1e412748929940170c5e6db433326ad1471031143
  languageName: node
  linkType: hard
